// !$*UTF8*$!
{
	archiveVersion = 1;
	classes = {
	};
	objectVersion = 46;
	objects = {

/* Begin PBXBuildFile section */
		7F8904D5153A4390001EB7E9 /* UIKit.framework in Frameworks */ = {isa = PBXBuildFile; fileRef = 7F8904D4153A4390001EB7E9 /* UIKit.framework */; };
		7F8904D7153A4390001EB7E9 /* Foundation.framework in Frameworks */ = {isa = PBXBuildFile; fileRef = 7F8904D6153A4390001EB7E9 /* Foundation.framework */; };
		7F8904D9153A4390001EB7E9 /* CoreGraphics.framework in Frameworks */ = {isa = PBXBuildFile; fileRef = 7F8904D8153A4390001EB7E9 /* CoreGraphics.framework */; };
		7F8904DF153A4390001EB7E9 /* InfoPlist.strings in Resources */ = {isa = PBXBuildFile; fileRef = 7F8904DD153A4390001EB7E9 /* InfoPlist.strings */; };
		7F8904E1153A4390001EB7E9 /* main.m in Sources */ = {isa = PBXBuildFile; fileRef = 7F8904E0153A4390001EB7E9 /* main.m */; };
		7F8904E5153A4390001EB7E9 /* JPAppDelegate.m in Sources */ = {isa = PBXBuildFile; fileRef = 7F8904E4153A4390001EB7E9 /* JPAppDelegate.m */; };
		7F8904E8153A4390001EB7E9 /* MainStoryboard.storyboard in Resources */ = {isa = PBXBuildFile; fileRef = 7F8904E6153A4390001EB7E9 /* MainStoryboard.storyboard */; };
		7F8904EB153A4390001EB7E9 /* JPViewController.m in Sources */ = {isa = PBXBuildFile; fileRef = 7F8904EA153A4390001EB7E9 /* JPViewController.m */; };
		7F8904F3153A43B8001EB7E9 /* JPBoardView.m in Sources */ = {isa = PBXBuildFile; fileRef = 7F8904F2153A43B8001EB7E9 /* JPBoardView.m */; };
		7F8904F5153A5275001EB7E9 /* map.png in Resources */ = {isa = PBXBuildFile; fileRef = 7F8904F4153A5275001EB7E9 /* map.png */; };
		7F8904F7153A52EB001EB7E9 /* QuartzCore.framework in Frameworks */ = {isa = PBXBuildFile; fileRef = 7F8904F6153A52EB001EB7E9 /* QuartzCore.framework */; };
		7F8904F9153A83B2001EB7E9 /* batman.png in Resources */ = {isa = PBXBuildFile; fileRef = 7F8904F8153A83B2001EB7E9 /* batman.png */; };
		7FF58ABA153F6B67004360FB /* Background.png in Resources */ = {isa = PBXBuildFile; fileRef = 7FF58AB9153F6B67004360FB /* Background.png */; };
		7FF58ABE153F89D9004360FB /* BGSpaceCode.txt in Resources */ = {isa = PBXBuildFile; fileRef = 7FF58ABD153F89D9004360FB /* BGSpaceCode.txt */; };
/* End PBXBuildFile section */

/* Begin PBXFileReference section */
		7F8904D0153A4390001EB7E9 /* Boardgame.app */ = {isa = PBXFileReference; explicitFileType = wrapper.application; includeInIndex = 0; path = Boardgame.app; sourceTree = BUILT_PRODUCTS_DIR; };
		7F8904D4153A4390001EB7E9 /* UIKit.framework */ = {isa = PBXFileReference; lastKnownFileType = wrapper.framework; name = UIKit.framework; path = System/Library/Frameworks/UIKit.framework; sourceTree = SDKROOT; };
		7F8904D6153A4390001EB7E9 /* Foundation.framework */ = {isa = PBXFileReference; lastKnownFileType = wrapper.framework; name = Foundation.framework; path = System/Library/Frameworks/Foundation.framework; sourceTree = SDKROOT; };
		7F8904D8153A4390001EB7E9 /* CoreGraphics.framework */ = {isa = PBXFileReference; lastKnownFileType = wrapper.framework; name = CoreGraphics.framework; path = System/Library/Frameworks/CoreGraphics.framework; sourceTree = SDKROOT; };
		7F8904DC153A4390001EB7E9 /* Boardgame-Info.plist */ = {isa = PBXFileReference; lastKnownFileType = text.plist.xml; path = "Boardgame-Info.plist"; sourceTree = "<group>"; };
		7F8904DE153A4390001EB7E9 /* en */ = {isa = PBXFileReference; lastKnownFileType = text.plist.strings; name = en; path = en.lproj/InfoPlist.strings; sourceTree = "<group>"; };
		7F8904E0153A4390001EB7E9 /* main.m */ = {isa = PBXFileReference; lastKnownFileType = sourcecode.c.objc; path = main.m; sourceTree = "<group>"; };
		7F8904E2153A4390001EB7E9 /* Boardgame-Prefix.pch */ = {isa = PBXFileReference; lastKnownFileType = sourcecode.c.h; path = "Boardgame-Prefix.pch"; sourceTree = "<group>"; };
		7F8904E3153A4390001EB7E9 /* JPAppDelegate.h */ = {isa = PBXFileReference; lastKnownFileType = sourcecode.c.h; path = JPAppDelegate.h; sourceTree = "<group>"; };
		7F8904E4153A4390001EB7E9 /* JPAppDelegate.m */ = {isa = PBXFileReference; lastKnownFileType = sourcecode.c.objc; path = JPAppDelegate.m; sourceTree = "<group>"; };
		7F8904E7153A4390001EB7E9 /* en */ = {isa = PBXFileReference; lastKnownFileType = file.storyboard; name = en; path = en.lproj/MainStoryboard.storyboard; sourceTree = "<group>"; };
		7F8904E9153A4390001EB7E9 /* JPViewController.h */ = {isa = PBXFileReference; lastKnownFileType = sourcecode.c.h; path = JPViewController.h; sourceTree = "<group>"; };
		7F8904EA153A4390001EB7E9 /* JPViewController.m */ = {isa = PBXFileReference; lastKnownFileType = sourcecode.c.objc; path = JPViewController.m; sourceTree = "<group>"; };
		7F8904F1153A43B8001EB7E9 /* JPBoardView.h */ = {isa = PBXFileReference; fileEncoding = 4; lastKnownFileType = sourcecode.c.h; path = JPBoardView.h; sourceTree = "<group>"; };
		7F8904F2153A43B8001EB7E9 /* JPBoardView.m */ = {isa = PBXFileReference; fileEncoding = 4; lastKnownFileType = sourcecode.c.objc; path = JPBoardView.m; sourceTree = "<group>"; };
		7F8904F4153A5275001EB7E9 /* map.png */ = {isa = PBXFileReference; lastKnownFileType = image.png; name = map.png; path = Boardgame/map.png; sourceTree = "<group>"; };
		7F8904F6153A52EB001EB7E9 /* QuartzCore.framework */ = {isa = PBXFileReference; lastKnownFileType = wrapper.framework; name = QuartzCore.framework; path = System/Library/Frameworks/QuartzCore.framework; sourceTree = SDKROOT; };
		7F8904F8153A83B2001EB7E9 /* batman.png */ = {isa = PBXFileReference; lastKnownFileType = image.png; name = batman.png; path = Boardgame/batman.png; sourceTree = "<group>"; };
		7FF58AB9153F6B67004360FB /* Background.png */ = {isa = PBXFileReference; lastKnownFileType = image.png; path = Background.png; sourceTree = "<group>"; };
		7FF58ABD153F89D9004360FB /* BGSpaceCode.txt */ = {isa = PBXFileReference; fileEncoding = 4; lastKnownFileType = text; path = BGSpaceCode.txt; sourceTree = "<group>"; };
/* End PBXFileReference section */

/* Begin PBXFrameworksBuildPhase section */
		7F8904CD153A4390001EB7E9 /* Frameworks */ = {
			isa = PBXFrameworksBuildPhase;
			buildActionMask = 2147483647;
			files = (
				7F8904F7153A52EB001EB7E9 /* QuartzCore.framework in Frameworks */,
				7F8904D5153A4390001EB7E9 /* UIKit.framework in Frameworks */,
				7F8904D7153A4390001EB7E9 /* Foundation.framework in Frameworks */,
				7F8904D9153A4390001EB7E9 /* CoreGraphics.framework in Frameworks */,
			);
			runOnlyForDeploymentPostprocessing = 0;
		};
/* End PBXFrameworksBuildPhase section */

/* Begin PBXGroup section */
		7F8904C5153A4390001EB7E9 = {
			isa = PBXGroup;
			children = (
				7FF58ABD153F89D9004360FB /* BGSpaceCode.txt */,
				7F8904F1153A43B8001EB7E9 /* JPBoardView.h */,
				7F8904F2153A43B8001EB7E9 /* JPBoardView.m */,
				7F8904FA153A83B8001EB7E9 /* Graphics */,
				7F8904DA153A4390001EB7E9 /* Boardgame */,
				7F8904D3153A4390001EB7E9 /* Frameworks */,
				7F8904D1153A4390001EB7E9 /* Products */,
			);
			sourceTree = "<group>";
		};
		7F8904D1153A4390001EB7E9 /* Products */ = {
			isa = PBXGroup;
			children = (
				7F8904D0153A4390001EB7E9 /* Boardgame.app */,
			);
			name = Products;
			sourceTree = "<group>";
		};
		7F8904D3153A4390001EB7E9 /* Frameworks */ = {
			isa = PBXGroup;
			children = (
				7F8904F6153A52EB001EB7E9 /* QuartzCore.framework */,
				7F8904D4153A4390001EB7E9 /* UIKit.framework */,
				7F8904D6153A4390001EB7E9 /* Foundation.framework */,
				7F8904D8153A4390001EB7E9 /* CoreGraphics.framework */,
			);
			name = Frameworks;
			sourceTree = "<group>";
		};
		7F8904DA153A4390001EB7E9 /* Boardgame */ = {
			isa = PBXGroup;
			children = (
				7F8904E3153A4390001EB7E9 /* JPAppDelegate.h */,
				7F8904E4153A4390001EB7E9 /* JPAppDelegate.m */,
				7F8904E6153A4390001EB7E9 /* MainStoryboard.storyboard */,
				7F8904E9153A4390001EB7E9 /* JPViewController.h */,
				7F8904EA153A4390001EB7E9 /* JPViewController.m */,
				7F8904DB153A4390001EB7E9 /* Supporting Files */,
			);
			path = Boardgame;
			sourceTree = "<group>";
		};
		7F8904DB153A4390001EB7E9 /* Supporting Files */ = {
			isa = PBXGroup;
			children = (
				7F8904DC153A4390001EB7E9 /* Boardgame-Info.plist */,
				7F8904DD153A4390001EB7E9 /* InfoPlist.strings */,
				7F8904E0153A4390001EB7E9 /* main.m */,
				7F8904E2153A4390001EB7E9 /* Boardgame-Prefix.pch */,
			);
			name = "Supporting Files";
			sourceTree = "<group>";
		};
		7F8904FA153A83B8001EB7E9 /* Graphics */ = {
			isa = PBXGroup;
			children = (
				7F8904F4153A5275001EB7E9 /* map.png */,
				7F8904F8153A83B2001EB7E9 /* batman.png */,
				7FF58AB9153F6B67004360FB /* Background.png */,
			);
			name = Graphics;
			sourceTree = "<group>";
		};
/* End PBXGroup section */

/* Begin PBXNativeTarget section */
		7F8904CF153A4390001EB7E9 /* Boardgame */ = {
			isa = PBXNativeTarget;
			buildConfigurationList = 7F8904EE153A4390001EB7E9 /* Build configuration list for PBXNativeTarget "Boardgame" */;
			buildPhases = (
				7F8904CC153A4390001EB7E9 /* Sources */,
				7F8904CD153A4390001EB7E9 /* Frameworks */,
				7F8904CE153A4390001EB7E9 /* Resources */,
			);
			buildRules = (
			);
			dependencies = (
			);
			name = Boardgame;
			productName = Boardgame;
			productReference = 7F8904D0153A4390001EB7E9 /* Boardgame.app */;
			productType = "com.apple.product-type.application";
		};
/* End PBXNativeTarget section */

/* Begin PBXProject section */
		7F8904C7153A4390001EB7E9 /* Project object */ = {
			isa = PBXProject;
			attributes = {
				CLASSPREFIX = JP;
				LastUpgradeCheck = 0430;
				ORGANIZATIONNAME = Devclub;
			};
			buildConfigurationList = 7F8904CA153A4390001EB7E9 /* Build configuration list for PBXProject "Boardgame" */;
			compatibilityVersion = "Xcode 3.2";
			developmentRegion = English;
			hasScannedForEncodings = 0;
			knownRegions = (
				en,
			);
			mainGroup = 7F8904C5153A4390001EB7E9;
			productRefGroup = 7F8904D1153A4390001EB7E9 /* Products */;
			projectDirPath = "";
			projectRoot = "";
			targets = (
				7F8904CF153A4390001EB7E9 /* Boardgame */,
			);
		};
/* End PBXProject section */

/* Begin PBXResourcesBuildPhase section */
		7F8904CE153A4390001EB7E9 /* Resources */ = {
			isa = PBXResourcesBuildPhase;
			buildActionMask = 2147483647;
			files = (
				7F8904DF153A4390001EB7E9 /* InfoPlist.strings in Resources */,
				7F8904E8153A4390001EB7E9 /* MainStoryboard.storyboard in Resources */,
				7F8904F5153A5275001EB7E9 /* map.png in Resources */,
				7F8904F9153A83B2001EB7E9 /* batman.png in Resources */,
				7FF58ABA153F6B67004360FB /* Background.png in Resources */,
				7FF58ABE153F89D9004360FB /* BGSpaceCode.txt in Resources */,
			);
			runOnlyForDeploymentPostprocessing = 0;
		};
/* End PBXResourcesBuildPhase section */

/* Begin PBXSourcesBuildPhase section */
		7F8904CC153A4390001EB7E9 /* Sources */ = {
			isa = PBXSourcesBuildPhase;
			buildActionMask = 2147483647;
			files = (
				7F8904E1153A4390001EB7E9 /* main.m in Sources */,
				7F8904E5153A4390001EB7E9 /* JPAppDelegate.m in Sources */,
				7F8904EB153A4390001EB7E9 /* JPViewController.m in Sources */,
				7F8904F3153A43B8001EB7E9 /* JPBoardView.m in Sources */,
			);
			runOnlyForDeploymentPostprocessing = 0;
		};
/* End PBXSourcesBuildPhase section */

/* Begin PBXVariantGroup section */
		7F8904DD153A4390001EB7E9 /* InfoPlist.strings */ = {
			isa = PBXVariantGroup;
			children = (
				7F8904DE153A4390001EB7E9 /* en */,
			);
			name = InfoPlist.strings;
			sourceTree = "<group>";
		};
		7F8904E6153A4390001EB7E9 /* MainStoryboard.storyboard */ = {
			isa = PBXVariantGroup;
			children = (
				7F8904E7153A4390001EB7E9 /* en */,
			);
			name = MainStoryboard.storyboard;
			sourceTree = "<group>";
		};
/* End PBXVariantGroup section */

/* Begin XCBuildConfiguration section */
		7F8904EC153A4390001EB7E9 /* Debug */ = {
			isa = XCBuildConfiguration;
			buildSettings = {
				ALWAYS_SEARCH_USER_PATHS = NO;
				ARCHS = "$(ARCHS_STANDARD_32_BIT)";
				CLANG_ENABLE_OBJC_ARC = YES;
				"CODE_SIGN_IDENTITY[sdk=iphoneos*]" = "iPhone Developer";
				COPY_PHASE_STRIP = NO;
				GCC_C_LANGUAGE_STANDARD = gnu99;
				GCC_DYNAMIC_NO_PIC = NO;
				GCC_OPTIMIZATION_LEVEL = 0;
				GCC_PREPROCESSOR_DEFINITIONS = (
					"DEBUG=1",
					"$(inherited)",
				);
				GCC_SYMBOLS_PRIVATE_EXTERN = NO;
				GCC_VERSION = com.apple.compilers.llvm.clang.1_0;
				GCC_WARN_ABOUT_RETURN_TYPE = YES;
				GCC_WARN_UNINITIALIZED_AUTOS = YES;
				GCC_WARN_UNUSED_VARIABLE = YES;
				IPHONEOS_DEPLOYMENT_TARGET = 5.1;
				SDKROOT = iphoneos;
				TARGETED_DEVICE_FAMILY = 2;
			};
			name = Debug;
		};
		7F8904ED153A4390001EB7E9 /* Release */ = {
			isa = XCBuildConfiguration;
			buildSettings = {
				ALWAYS_SEARCH_USER_PATHS = NO;
				ARCHS = "$(ARCHS_STANDARD_32_BIT)";
				CLANG_ENABLE_OBJC_ARC = YES;
				"CODE_SIGN_IDENTITY[sdk=iphoneos*]" = "iPhone Developer";
				COPY_PHASE_STRIP = YES;
				GCC_C_LANGUAGE_STANDARD = gnu99;
				GCC_VERSION = com.apple.compilers.llvm.clang.1_0;
				GCC_WARN_ABOUT_RETURN_TYPE = YES;
				GCC_WARN_UNINITIALIZED_AUTOS = YES;
				GCC_WARN_UNUSED_VARIABLE = YES;
				IPHONEOS_DEPLOYMENT_TARGET = 5.1;
				OTHER_CFLAGS = "-DNS_BLOCK_ASSERTIONS=1";
				SDKROOT = iphoneos;
				TARGETED_DEVICE_FAMILY = 2;
				VALIDATE_PRODUCT = YES;
			};
			name = Release;
		};
		7F8904EF153A4390001EB7E9 /* Debug */ = {
			isa = XCBuildConfiguration;
			buildSettings = {
				GCC_PRECOMPILE_PREFIX_HEADER = YES;
				GCC_PREFIX_HEADER = "Boardgame/Boardgame-Prefix.pch";
				INFOPLIST_FILE = "Boardgame/Boardgame-Info.plist";
				IPHONEOS_DEPLOYMENT_TARGET = 5.0;
				PRODUCT_NAME = "$(TARGET_NAME)";
				WRAPPER_EXTENSION = app;
			};
			name = Debug;
		};
		7F8904F0153A4390001EB7E9 /* Release */ = {
			isa = XCBuildConfiguration;
			buildSettings = {
				GCC_PRECOMPILE_PREFIX_HEADER = YES;
				GCC_PREFIX_HEADER = "Boardgame/Boardgame-Prefix.pch";
				INFOPLIST_FILE = "Boardgame/Boardgame-Info.plist";
				IPHONEOS_DEPLOYMENT_TARGET = 5.0;
				PRODUCT_NAME = "$(TARGET_NAME)";
				WRAPPER_EXTENSION = app;
			};
			name = Release;
		};
/* End XCBuildConfiguration section */

/* Begin XCConfigurationList section */
		7F8904CA153A4390001EB7E9 /* Build configuration list for PBXProject "Boardgame" */ = {
			isa = XCConfigurationList;
			buildConfigurations = (
				7F8904EC153A4390001EB7E9 /* Debug */,
				7F8904ED153A4390001EB7E9 /* Release */,
			);
			defaultConfigurationIsVisible = 0;
			defaultConfigurationName = Release;
		};
		7F8904EE153A4390001EB7E9 /* Build configuration list for PBXNativeTarget "Boardgame" */ = {
			isa = XCConfigurationList;
			buildConfigurations = (
				7F8904EF153A4390001EB7E9 /* Debug */,
				7F8904F0153A4390001EB7E9 /* Release */,
			);
			defaultConfigurationIsVisible = 0;
			defaultConfigurationName = Release;
		};
/* End XCConfigurationList section */
	};
	rootObject = 7F8904C7153A4390001EB7E9 /* Project object */;
}
