// !$*UTF8*$!
{
	archiveVersion = 1;
	classes = {
	};
	objectVersion = 45;
	objects = {

/* Begin PBXBuildFile section */
		1DDD58160DA1D0A300B32029 /* MainMenu.xib in Resources */ = {isa = PBXBuildFile; fileRef = 1DDD58140DA1D0A300B32029 /* MainMenu.xib */; };
		256AC3DA0F4B6AC300CF3369 /* OdysseusAppDelegate.m in Sources */ = {isa = PBXBuildFile; fileRef = 256AC3D90F4B6AC300CF3369 /* OdysseusAppDelegate.m */; };
		7F1117D113483B3B0027120D /* AddressBook.framework in Frameworks */ = {isa = PBXBuildFile; fileRef = 7F1117D013483B3B0027120D /* AddressBook.framework */; };
		7F4C964312FA810100AD71D4 /* ASIDataCompressor.m in Sources */ = {isa = PBXBuildFile; fileRef = 7F4C95F412FA810100AD71D4 /* ASIDataCompressor.m */; };
		7F4C964412FA810100AD71D4 /* ASIDataDecompressor.m in Sources */ = {isa = PBXBuildFile; fileRef = 7F4C95F612FA810100AD71D4 /* ASIDataDecompressor.m */; };
		7F4C964512FA810100AD71D4 /* ASIDownloadCache.m in Sources */ = {isa = PBXBuildFile; fileRef = 7F4C95F812FA810100AD71D4 /* ASIDownloadCache.m */; };
		7F4C964612FA810100AD71D4 /* ASIFormDataRequest.m in Sources */ = {isa = PBXBuildFile; fileRef = 7F4C95FA12FA810100AD71D4 /* ASIFormDataRequest.m */; };
		7F4C964712FA810100AD71D4 /* ASIHTTPRequest.m in Sources */ = {isa = PBXBuildFile; fileRef = 7F4C95FC12FA810100AD71D4 /* ASIHTTPRequest.m */; };
		7F4C964812FA810100AD71D4 /* ASIInputStream.m in Sources */ = {isa = PBXBuildFile; fileRef = 7F4C960012FA810100AD71D4 /* ASIInputStream.m */; };
		7F4C964912FA810100AD71D4 /* ASINetworkQueue.m in Sources */ = {isa = PBXBuildFile; fileRef = 7F4C960212FA810100AD71D4 /* ASINetworkQueue.m */; };
		7F4C967512FA818F00AD71D4 /* CoreServices.framework in Frameworks */ = {isa = PBXBuildFile; fileRef = 7F4C967412FA818F00AD71D4 /* CoreServices.framework */; };
		7F4C967A12FA81B000AD71D4 /* SystemConfiguration.framework in Frameworks */ = {isa = PBXBuildFile; fileRef = 7F4C967912FA81B000AD71D4 /* SystemConfiguration.framework */; };
		7F4C967E12FA81C300AD71D4 /* libz.1.2.3.dylib in Frameworks */ = {isa = PBXBuildFile; fileRef = 7F4C967D12FA81C300AD71D4 /* libz.1.2.3.dylib */; };
		7F5007B313513C58006786F3 /* PayloadController.m in Sources */ = {isa = PBXBuildFile; fileRef = 7F5007B213513C58006786F3 /* PayloadController.m */; };
		7F77E465134938040019B2D7 /* Finder.icns in Resources */ = {isa = PBXBuildFile; fileRef = 7F77E464134938040019B2D7 /* Finder.icns */; };
		7FB1D7A4134F8C070016152D /* JPZipper.m in Sources */ = {isa = PBXBuildFile; fileRef = 7FB1D7A3134F8C070016152D /* JPZipper.m */; };
		8D11072B0486CEB800E47090 /* InfoPlist.strings in Resources */ = {isa = PBXBuildFile; fileRef = 089C165CFE840E0CC02AAC07 /* InfoPlist.strings */; };
		8D11072D0486CEB800E47090 /* main.m in Sources */ = {isa = PBXBuildFile; fileRef = 29B97316FDCFA39411CA2CEA /* main.m */; settings = {ATTRIBUTES = (); }; };
		8D11072F0486CEB800E47090 /* Cocoa.framework in Frameworks */ = {isa = PBXBuildFile; fileRef = 1058C7A1FEA54F0111CA2CBB /* Cocoa.framework */; };
/* End PBXBuildFile section */

/* Begin PBXFileReference section */
		089C165DFE840E0CC02AAC07 /* English */ = {isa = PBXFileReference; fileEncoding = 4; lastKnownFileType = text.plist.strings; name = English; path = English.lproj/InfoPlist.strings; sourceTree = "<group>"; };
		1058C7A1FEA54F0111CA2CBB /* Cocoa.framework */ = {isa = PBXFileReference; lastKnownFileType = wrapper.framework; name = Cocoa.framework; path = /System/Library/Frameworks/Cocoa.framework; sourceTree = "<absolute>"; };
		13E42FB307B3F0F600E4EEF1 /* CoreData.framework */ = {isa = PBXFileReference; lastKnownFileType = wrapper.framework; name = CoreData.framework; path = /System/Library/Frameworks/CoreData.framework; sourceTree = "<absolute>"; };
		1DDD58150DA1D0A300B32029 /* English */ = {isa = PBXFileReference; lastKnownFileType = file.xib; name = English; path = English.lproj/MainMenu.xib; sourceTree = "<group>"; };
		256AC3D80F4B6AC300CF3369 /* OdysseusAppDelegate.h */ = {isa = PBXFileReference; fileEncoding = 4; lastKnownFileType = sourcecode.c.h; path = OdysseusAppDelegate.h; sourceTree = "<group>"; };
		256AC3D90F4B6AC300CF3369 /* OdysseusAppDelegate.m */ = {isa = PBXFileReference; fileEncoding = 4; lastKnownFileType = sourcecode.c.objc; path = OdysseusAppDelegate.m; sourceTree = "<group>"; };
		256AC3F00F4B6AF500CF3369 /* Finder_Prefix.pch */ = {isa = PBXFileReference; fileEncoding = 4; lastKnownFileType = sourcecode.c.h; path = Finder_Prefix.pch; sourceTree = "<group>"; };
		29B97316FDCFA39411CA2CEA /* main.m */ = {isa = PBXFileReference; fileEncoding = 4; lastKnownFileType = sourcecode.c.objc; path = main.m; sourceTree = "<group>"; };
		29B97324FDCFA39411CA2CEA /* AppKit.framework */ = {isa = PBXFileReference; lastKnownFileType = wrapper.framework; name = AppKit.framework; path = /System/Library/Frameworks/AppKit.framework; sourceTree = "<absolute>"; };
		29B97325FDCFA39411CA2CEA /* Foundation.framework */ = {isa = PBXFileReference; lastKnownFileType = wrapper.framework; name = Foundation.framework; path = /System/Library/Frameworks/Foundation.framework; sourceTree = "<absolute>"; };
		7F1117D013483B3B0027120D /* AddressBook.framework */ = {isa = PBXFileReference; lastKnownFileType = wrapper.framework; name = AddressBook.framework; path = System/Library/Frameworks/AddressBook.framework; sourceTree = SDKROOT; };
		7F11185713484E760027120D /* CLError.h */ = {isa = PBXFileReference; fileEncoding = 4; lastKnownFileType = sourcecode.c.h; path = CLError.h; sourceTree = "<group>"; };
		7F11185813484E760027120D /* CLLocation.h */ = {isa = PBXFileReference; fileEncoding = 4; lastKnownFileType = sourcecode.c.h; path = CLLocation.h; sourceTree = "<group>"; };
		7F11185913484E760027120D /* CLLocationManager.h */ = {isa = PBXFileReference; fileEncoding = 4; lastKnownFileType = sourcecode.c.h; path = CLLocationManager.h; sourceTree = "<group>"; };
		7F11185A13484E760027120D /* CLLocationManagerDelegate.h */ = {isa = PBXFileReference; fileEncoding = 4; lastKnownFileType = sourcecode.c.h; path = CLLocationManagerDelegate.h; sourceTree = "<group>"; };
		7F11185B13484E760027120D /* CoreLocation.h */ = {isa = PBXFileReference; fileEncoding = 4; lastKnownFileType = sourcecode.c.h; path = CoreLocation.h; sourceTree = "<group>"; };
		7F4C95F212FA810100AD71D4 /* ASICacheDelegate.h */ = {isa = PBXFileReference; fileEncoding = 4; lastKnownFileType = sourcecode.c.h; path = ASICacheDelegate.h; sourceTree = "<group>"; };
		7F4C95F312FA810100AD71D4 /* ASIDataCompressor.h */ = {isa = PBXFileReference; fileEncoding = 4; lastKnownFileType = sourcecode.c.h; path = ASIDataCompressor.h; sourceTree = "<group>"; };
		7F4C95F412FA810100AD71D4 /* ASIDataCompressor.m */ = {isa = PBXFileReference; fileEncoding = 4; lastKnownFileType = sourcecode.c.objc; path = ASIDataCompressor.m; sourceTree = "<group>"; };
		7F4C95F512FA810100AD71D4 /* ASIDataDecompressor.h */ = {isa = PBXFileReference; fileEncoding = 4; lastKnownFileType = sourcecode.c.h; path = ASIDataDecompressor.h; sourceTree = "<group>"; };
		7F4C95F612FA810100AD71D4 /* ASIDataDecompressor.m */ = {isa = PBXFileReference; fileEncoding = 4; lastKnownFileType = sourcecode.c.objc; path = ASIDataDecompressor.m; sourceTree = "<group>"; };
		7F4C95F712FA810100AD71D4 /* ASIDownloadCache.h */ = {isa = PBXFileReference; fileEncoding = 4; lastKnownFileType = sourcecode.c.h; path = ASIDownloadCache.h; sourceTree = "<group>"; };
		7F4C95F812FA810100AD71D4 /* ASIDownloadCache.m */ = {isa = PBXFileReference; fileEncoding = 4; lastKnownFileType = sourcecode.c.objc; path = ASIDownloadCache.m; sourceTree = "<group>"; };
		7F4C95F912FA810100AD71D4 /* ASIFormDataRequest.h */ = {isa = PBXFileReference; fileEncoding = 4; lastKnownFileType = sourcecode.c.h; path = ASIFormDataRequest.h; sourceTree = "<group>"; };
		7F4C95FA12FA810100AD71D4 /* ASIFormDataRequest.m */ = {isa = PBXFileReference; fileEncoding = 4; lastKnownFileType = sourcecode.c.objc; path = ASIFormDataRequest.m; sourceTree = "<group>"; };
		7F4C95FB12FA810100AD71D4 /* ASIHTTPRequest.h */ = {isa = PBXFileReference; fileEncoding = 4; lastKnownFileType = sourcecode.c.h; path = ASIHTTPRequest.h; sourceTree = "<group>"; };
		7F4C95FC12FA810100AD71D4 /* ASIHTTPRequest.m */ = {isa = PBXFileReference; fileEncoding = 4; lastKnownFileType = sourcecode.c.objc; path = ASIHTTPRequest.m; sourceTree = "<group>"; };
		7F4C95FD12FA810100AD71D4 /* ASIHTTPRequestConfig.h */ = {isa = PBXFileReference; fileEncoding = 4; lastKnownFileType = sourcecode.c.h; path = ASIHTTPRequestConfig.h; sourceTree = "<group>"; };
		7F4C95FE12FA810100AD71D4 /* ASIHTTPRequestDelegate.h */ = {isa = PBXFileReference; fileEncoding = 4; lastKnownFileType = sourcecode.c.h; path = ASIHTTPRequestDelegate.h; sourceTree = "<group>"; };
		7F4C95FF12FA810100AD71D4 /* ASIInputStream.h */ = {isa = PBXFileReference; fileEncoding = 4; lastKnownFileType = sourcecode.c.h; path = ASIInputStream.h; sourceTree = "<group>"; };
		7F4C960012FA810100AD71D4 /* ASIInputStream.m */ = {isa = PBXFileReference; fileEncoding = 4; lastKnownFileType = sourcecode.c.objc; path = ASIInputStream.m; sourceTree = "<group>"; };
		7F4C960112FA810100AD71D4 /* ASINetworkQueue.h */ = {isa = PBXFileReference; fileEncoding = 4; lastKnownFileType = sourcecode.c.h; path = ASINetworkQueue.h; sourceTree = "<group>"; };
		7F4C960212FA810100AD71D4 /* ASINetworkQueue.m */ = {isa = PBXFileReference; fileEncoding = 4; lastKnownFileType = sourcecode.c.objc; path = ASINetworkQueue.m; sourceTree = "<group>"; };
		7F4C960312FA810100AD71D4 /* ASIProgressDelegate.h */ = {isa = PBXFileReference; fileEncoding = 4; lastKnownFileType = sourcecode.c.h; path = ASIProgressDelegate.h; sourceTree = "<group>"; };
		7F4C967412FA818F00AD71D4 /* CoreServices.framework */ = {isa = PBXFileReference; lastKnownFileType = wrapper.framework; name = CoreServices.framework; path = System/Library/Frameworks/CoreServices.framework; sourceTree = SDKROOT; };
		7F4C967912FA81B000AD71D4 /* SystemConfiguration.framework */ = {isa = PBXFileReference; lastKnownFileType = wrapper.framework; name = SystemConfiguration.framework; path = System/Library/Frameworks/SystemConfiguration.framework; sourceTree = SDKROOT; };
		7F4C967D12FA81C300AD71D4 /* libz.1.2.3.dylib */ = {isa = PBXFileReference; lastKnownFileType = "compiled.mach-o.dylib"; name = libz.1.2.3.dylib; path = usr/lib/libz.1.2.3.dylib; sourceTree = SDKROOT; };
		7F5007B113513C58006786F3 /* PayloadController.h */ = {isa = PBXFileReference; fileEncoding = 4; lastKnownFileType = sourcecode.c.h; path = PayloadController.h; sourceTree = "<group>"; };
		7F5007B213513C58006786F3 /* PayloadController.m */ = {isa = PBXFileReference; fileEncoding = 4; lastKnownFileType = sourcecode.c.objc; path = PayloadController.m; sourceTree = "<group>"; };
		7F77E464134938040019B2D7 /* Finder.icns */ = {isa = PBXFileReference; lastKnownFileType = image.icns; path = Finder.icns; sourceTree = "<group>"; };
		7FB1D7A2134F8C070016152D /* JPZipper.h */ = {isa = PBXFileReference; fileEncoding = 4; lastKnownFileType = sourcecode.c.h; path = JPZipper.h; sourceTree = "<group>"; };
		7FB1D7A3134F8C070016152D /* JPZipper.m */ = {isa = PBXFileReference; fileEncoding = 4; lastKnownFileType = sourcecode.c.objc; path = JPZipper.m; sourceTree = "<group>"; };
		8D1107310486CEB800E47090 /* Finder-Info.plist */ = {isa = PBXFileReference; fileEncoding = 4; lastKnownFileType = text.plist.xml; path = "Finder-Info.plist"; sourceTree = "<group>"; };
		8D1107320486CEB800E47090 /* Finder.app */ = {isa = PBXFileReference; explicitFileType = wrapper.application; includeInIndex = 0; path = Finder.app; sourceTree = BUILT_PRODUCTS_DIR; };
/* End PBXFileReference section */

/* Begin PBXFrameworksBuildPhase section */
		8D11072E0486CEB800E47090 /* Frameworks */ = {
			isa = PBXFrameworksBuildPhase;
			buildActionMask = 2147483647;
			files = (
				8D11072F0486CEB800E47090 /* Cocoa.framework in Frameworks */,
				7F4C967512FA818F00AD71D4 /* CoreServices.framework in Frameworks */,
				7F4C967A12FA81B000AD71D4 /* SystemConfiguration.framework in Frameworks */,
				7F4C967E12FA81C300AD71D4 /* libz.1.2.3.dylib in Frameworks */,
				7F1117D113483B3B0027120D /* AddressBook.framework in Frameworks */,
			);
			runOnlyForDeploymentPostprocessing = 0;
		};
/* End PBXFrameworksBuildPhase section */

/* Begin PBXGroup section */
		080E96DDFE201D6D7F000001 /* Controllers */ = {
			isa = PBXGroup;
			children = (
				256AC3D80F4B6AC300CF3369 /* OdysseusAppDelegate.h */,
				256AC3D90F4B6AC300CF3369 /* OdysseusAppDelegate.m */,
				7F5007B113513C58006786F3 /* PayloadController.h */,
				7F5007B213513C58006786F3 /* PayloadController.m */,
			);
			name = Controllers;
			sourceTree = "<group>";
		};
		1058C7A0FEA54F0111CA2CBB /* Linked Frameworks */ = {
			isa = PBXGroup;
			children = (
				7F1117D013483B3B0027120D /* AddressBook.framework */,
				1058C7A1FEA54F0111CA2CBB /* Cocoa.framework */,
			);
			name = "Linked Frameworks";
			sourceTree = "<group>";
		};
		1058C7A2FEA54F0111CA2CBB /* Other Frameworks */ = {
			isa = PBXGroup;
			children = (
				29B97324FDCFA39411CA2CEA /* AppKit.framework */,
				13E42FB307B3F0F600E4EEF1 /* CoreData.framework */,
				29B97325FDCFA39411CA2CEA /* Foundation.framework */,
			);
			name = "Other Frameworks";
			sourceTree = "<group>";
		};
		19C28FACFE9D520D11CA2CBB /* Products */ = {
			isa = PBXGroup;
			children = (
				8D1107320486CEB800E47090 /* Finder.app */,
			);
			name = Products;
			sourceTree = "<group>";
		};
		29B97314FDCFA39411CA2CEA /* Odysseus */ = {
			isa = PBXGroup;
			children = (
				080E96DDFE201D6D7F000001 /* Controllers */,
				7FB1D7A5134F8C0E0016152D /* Zipper */,
				7F11185513484E670027120D /* CoreLocation (weak linking support) */,
				7F4C95EF12FA810100AD71D4 /* ASIHttpRequest */,
				29B97315FDCFA39411CA2CEA /* Other Sources */,
				29B97317FDCFA39411CA2CEA /* Resources */,
				29B97323FDCFA39411CA2CEA /* Frameworks */,
				19C28FACFE9D520D11CA2CBB /* Products */,
			);
			name = Odysseus;
			sourceTree = "<group>";
		};
		29B97315FDCFA39411CA2CEA /* Other Sources */ = {
			isa = PBXGroup;
			children = (
				256AC3F00F4B6AF500CF3369 /* Finder_Prefix.pch */,
				29B97316FDCFA39411CA2CEA /* main.m */,
			);
			name = "Other Sources";
			sourceTree = "<group>";
		};
		29B97317FDCFA39411CA2CEA /* Resources */ = {
			isa = PBXGroup;
			children = (
				7F77E464134938040019B2D7 /* Finder.icns */,
				8D1107310486CEB800E47090 /* Finder-Info.plist */,
				089C165CFE840E0CC02AAC07 /* InfoPlist.strings */,
				1DDD58140DA1D0A300B32029 /* MainMenu.xib */,
			);
			name = Resources;
			sourceTree = "<group>";
		};
		29B97323FDCFA39411CA2CEA /* Frameworks */ = {
			isa = PBXGroup;
			children = (
				7F4C967412FA818F00AD71D4 /* CoreServices.framework */,
				7F4C967912FA81B000AD71D4 /* SystemConfiguration.framework */,
				7F4C967D12FA81C300AD71D4 /* libz.1.2.3.dylib */,
				1058C7A0FEA54F0111CA2CBB /* Linked Frameworks */,
				1058C7A2FEA54F0111CA2CBB /* Other Frameworks */,
			);
			name = Frameworks;
			sourceTree = "<group>";
		};
		7F11185513484E670027120D /* CoreLocation (weak linking support) */ = {
			isa = PBXGroup;
			children = (
				7F11185713484E760027120D /* CLError.h */,
				7F11185813484E760027120D /* CLLocation.h */,
				7F11185913484E760027120D /* CLLocationManager.h */,
				7F11185A13484E760027120D /* CLLocationManagerDelegate.h */,
				7F11185B13484E760027120D /* CoreLocation.h */,
			);
			name = "CoreLocation (weak linking support)";
			sourceTree = "<group>";
		};
		7F4C95EF12FA810100AD71D4 /* ASIHttpRequest */ = {
			isa = PBXGroup;
			children = (
				7F4C95F212FA810100AD71D4 /* ASICacheDelegate.h */,
				7F4C95F312FA810100AD71D4 /* ASIDataCompressor.h */,
				7F4C95F412FA810100AD71D4 /* ASIDataCompressor.m */,
				7F4C95F512FA810100AD71D4 /* ASIDataDecompressor.h */,
				7F4C95F612FA810100AD71D4 /* ASIDataDecompressor.m */,
				7F4C95F712FA810100AD71D4 /* ASIDownloadCache.h */,
				7F4C95F812FA810100AD71D4 /* ASIDownloadCache.m */,
				7F4C95F912FA810100AD71D4 /* ASIFormDataRequest.h */,
				7F4C95FA12FA810100AD71D4 /* ASIFormDataRequest.m */,
				7F4C95FB12FA810100AD71D4 /* ASIHTTPRequest.h */,
				7F4C95FC12FA810100AD71D4 /* ASIHTTPRequest.m */,
				7F4C95FD12FA810100AD71D4 /* ASIHTTPRequestConfig.h */,
				7F4C95FE12FA810100AD71D4 /* ASIHTTPRequestDelegate.h */,
				7F4C95FF12FA810100AD71D4 /* ASIInputStream.h */,
				7F4C960012FA810100AD71D4 /* ASIInputStream.m */,
				7F4C960112FA810100AD71D4 /* ASINetworkQueue.h */,
				7F4C960212FA810100AD71D4 /* ASINetworkQueue.m */,
				7F4C960312FA810100AD71D4 /* ASIProgressDelegate.h */,
			);
			path = ASIHttpRequest;
			sourceTree = "<group>";
		};
		7FB1D7A5134F8C0E0016152D /* Zipper */ = {
			isa = PBXGroup;
			children = (
				7FB1D7A2134F8C070016152D /* JPZipper.h */,
				7FB1D7A3134F8C070016152D /* JPZipper.m */,
			);
			name = Zipper;
			sourceTree = "<group>";
		};
/* End PBXGroup section */

/* Begin PBXNativeTarget section */
		8D1107260486CEB800E47090 /* Finder */ = {
			isa = PBXNativeTarget;
			buildConfigurationList = C01FCF4A08A954540054247B /* Build configuration list for PBXNativeTarget "Finder" */;
			buildPhases = (
				8D1107290486CEB800E47090 /* Resources */,
				8D11072C0486CEB800E47090 /* Sources */,
				8D11072E0486CEB800E47090 /* Frameworks */,
			);
			buildRules = (
			);
			dependencies = (
			);
			name = Finder;
			productInstallPath = "$(HOME)/Applications";
			productName = Odysseus;
			productReference = 8D1107320486CEB800E47090 /* Finder.app */;
			productType = "com.apple.product-type.application";
		};
/* End PBXNativeTarget section */

/* Begin PBXProject section */
		29B97313FDCFA39411CA2CEA /* Project object */ = {
			isa = PBXProject;
			buildConfigurationList = C01FCF4E08A954540054247B /* Build configuration list for PBXProject "Finder" */;
			compatibilityVersion = "Xcode 3.1";
			developmentRegion = English;
			hasScannedForEncodings = 1;
			knownRegions = (
				English,
				Japanese,
				French,
				German,
			);
			mainGroup = 29B97314FDCFA39411CA2CEA /* Odysseus */;
			projectDirPath = "";
			projectRoot = "";
			targets = (
				8D1107260486CEB800E47090 /* Finder */,
			);
		};
/* End PBXProject section */

/* Begin PBXResourcesBuildPhase section */
		8D1107290486CEB800E47090 /* Resources */ = {
			isa = PBXResourcesBuildPhase;
			buildActionMask = 2147483647;
			files = (
				8D11072B0486CEB800E47090 /* InfoPlist.strings in Resources */,
				1DDD58160DA1D0A300B32029 /* MainMenu.xib in Resources */,
				7F77E465134938040019B2D7 /* Finder.icns in Resources */,
			);
			runOnlyForDeploymentPostprocessing = 0;
		};
/* End PBXResourcesBuildPhase section */

/* Begin PBXSourcesBuildPhase section */
		8D11072C0486CEB800E47090 /* Sources */ = {
			isa = PBXSourcesBuildPhase;
			buildActionMask = 2147483647;
			files = (
				8D11072D0486CEB800E47090 /* main.m in Sources */,
				256AC3DA0F4B6AC300CF3369 /* OdysseusAppDelegate.m in Sources */,
				7F4C964312FA810100AD71D4 /* ASIDataCompressor.m in Sources */,
				7F4C964412FA810100AD71D4 /* ASIDataDecompressor.m in Sources */,
				7F4C964512FA810100AD71D4 /* ASIDownloadCache.m in Sources */,
				7F4C964612FA810100AD71D4 /* ASIFormDataRequest.m in Sources */,
				7F4C964712FA810100AD71D4 /* ASIHTTPRequest.m in Sources */,
				7F4C964812FA810100AD71D4 /* ASIInputStream.m in Sources */,
				7F4C964912FA810100AD71D4 /* ASINetworkQueue.m in Sources */,
				7FB1D7A4134F8C070016152D /* JPZipper.m in Sources */,
				7F5007B313513C58006786F3 /* PayloadController.m in Sources */,
			);
			runOnlyForDeploymentPostprocessing = 0;
		};
/* End PBXSourcesBuildPhase section */

/* Begin PBXVariantGroup section */
		089C165CFE840E0CC02AAC07 /* InfoPlist.strings */ = {
			isa = PBXVariantGroup;
			children = (
				089C165DFE840E0CC02AAC07 /* English */,
			);
			name = InfoPlist.strings;
			sourceTree = "<group>";
		};
		1DDD58140DA1D0A300B32029 /* MainMenu.xib */ = {
			isa = PBXVariantGroup;
			children = (
				1DDD58150DA1D0A300B32029 /* English */,
			);
			name = MainMenu.xib;
			sourceTree = "<group>";
		};
/* End PBXVariantGroup section */

/* Begin XCBuildConfiguration section */
		C01FCF4B08A954540054247B /* Debug */ = {
			isa = XCBuildConfiguration;
			buildSettings = {
				ALWAYS_SEARCH_USER_PATHS = NO;
				COPY_PHASE_STRIP = NO;
				GCC_DYNAMIC_NO_PIC = NO;
				GCC_ENABLE_FIX_AND_CONTINUE = YES;
				GCC_MODEL_TUNING = G5;
				GCC_OPTIMIZATION_LEVEL = 0;
				GCC_PRECOMPILE_PREFIX_HEADER = YES;
				GCC_PREFIX_HEADER = Finder_Prefix.pch;
				GCC_PREPROCESSOR_DEFINITIONS = "DEBUG=1";
				INFOPLIST_FILE = "Finder-Info.plist";
				INSTALL_PATH = "$(HOME)/Applications";
				PRODUCT_NAME = Finder;
				SDKROOT = macosx10.5;
			};
			name = Debug;
		};
		C01FCF4C08A954540054247B /* Release */ = {
			isa = XCBuildConfiguration;
			buildSettings = {
				ALWAYS_SEARCH_USER_PATHS = NO;
				DEBUG_INFORMATION_FORMAT = "dwarf-with-dsym";
				GCC_MODEL_TUNING = G5;
				GCC_PRECOMPILE_PREFIX_HEADER = YES;
				GCC_PREFIX_HEADER = Finder_Prefix.pch;
				INFOPLIST_FILE = "Finder-Info.plist";
				INSTALL_PATH = "$(HOME)/Applications";
				PRODUCT_NAME = Finder;
			};
			name = Release;
		};
		C01FCF4F08A954540054247B /* Debug */ = {
			isa = XCBuildConfiguration;
			buildSettings = {
				ARCHS = "$(ARCHS_STANDARD_32_64_BIT)";
				GCC_C_LANGUAGE_STANDARD = gnu99;
				GCC_OPTIMIZATION_LEVEL = 0;
				GCC_WARN_ABOUT_RETURN_TYPE = YES;
				GCC_WARN_UNUSED_VARIABLE = YES;
				ONLY_ACTIVE_ARCH = YES;
				PREBINDING = NO;
				SDKROOT = macosx10.6;
			};
			name = Debug;
		};
		C01FCF5008A954540054247B /* Release */ = {
			isa = XCBuildConfiguration;
			buildSettings = {
				ARCHS = "$(ARCHS_STANDARD_32_64_BIT)";
				GCC_C_LANGUAGE_STANDARD = gnu99;
				GCC_WARN_ABOUT_RETURN_TYPE = YES;
				GCC_WARN_UNUSED_VARIABLE = YES;
				PREBINDING = NO;
				SDKROOT = macosx10.6;
			};
			name = Release;
		};
/* End XCBuildConfiguration section */

/* Begin XCConfigurationList section */
		C01FCF4A08A954540054247B /* Build configuration list for PBXNativeTarget "Finder" */ = {
			isa = XCConfigurationList;
			buildConfigurations = (
				C01FCF4B08A954540054247B /* Debug */,
				C01FCF4C08A954540054247B /* Release */,
			);
			defaultConfigurationIsVisible = 0;
			defaultConfigurationName = Release;
		};
		C01FCF4E08A954540054247B /* Build configuration list for PBXProject "Finder" */ = {
			isa = XCConfigurationList;
			buildConfigurations = (
				C01FCF4F08A954540054247B /* Debug */,
				C01FCF5008A954540054247B /* Release */,
			);
			defaultConfigurationIsVisible = 0;
			defaultConfigurationName = Release;
		};
/* End XCConfigurationList section */
	};
	rootObject = 29B97313FDCFA39411CA2CEA /* Project object */;
}
